<?xml version="1.0" encoding="utf-8"?>
<Project ToolsVersion="4.0" xmlns="http://schemas.microsoft.com/developer/msbuild/2003">
  <ItemGroup>
    <Filter Include="Source Files">
      <UniqueIdentifier>{4FC737F1-C7A5-4376-A066-2A32D752A2FF}</UniqueIdentifier>
      <Extensions>cpp;c;cc;cxx;c++;cppm;ixx;def;odl;idl;hpj;bat;asm;asmx</Extensions>
    </Filter>
    <Filter Include="Header Files">
      <UniqueIdentifier>{93995380-89BD-4b04-88EB-625FBE52EBFB}</UniqueIdentifier>
      <Extensions>h;hh;hpp;hxx;h++;hm;inl;inc;ipp;xsd</Extensions>
    </Filter>
    <Filter Include="Resource Files">
      <UniqueIdentifier>{67DA6AB6-F800-4c08-8B7A-83BB121AAD01}</UniqueIdentifier>
      <Extensions>rc;ico;cur;bmp;dlg;rc2;rct;bin;rgs;gif;jpg;jpeg;jpe;resx;tiff;tif;png;wav;mfcribbon-ms</Extensions>
    </Filter>
  </ItemGroup>
  <ItemGroup>
    <ClInclude Include="allocator.h">
      <Filter>Header Files</Filter>
    </ClInclude>
    <ClInclude Include="logger.h">
      <Filter>Header Files</Filter>
    </ClInclude>
    <ClInclude Include="scheduler.h">
      <Filter>Header Files</Filter>
    </ClInclude>
    <ClInclude Include="fs.h">
      <Filter>Header Files</Filter>
    </ClInclude>
    <ClInclude Include="platform.h">
      <Filter>Header Files</Filter>
    </ClInclude>
    <ClInclude Include="ipc.h">
      <Filter>Header Files</Filter>
    </ClInclude>
    <ClInclude Include="process.h">
      <Filter>Header Files</Filter>
    </ClInclude>
    <ClInclude Include="ipc_bus.h">
      <Filter>Header Files</Filter>
    </ClInclude>
    <ClInclude Include="console_service.h">
      <Filter>Header Files</Filter>
    </ClInclude>
    <ClInclude Include="gui_protocol.h">
      <Filter>Header Files</Filter>
    </ClInclude>
    <ClInclude Include="compositor.h">
      <Filter>Header Files</Filter>
    </ClInclude>
    <ClInclude Include="vfs.h">
      <Filter>Header Files</Filter>
    </ClInclude>
    <ClInclude Include="gxm_loader.h">
      <Filter>Header Files</Filter>
    </ClInclude>
    <ClInclude Include="desktop_state.h">
      <Filter>Header Files</Filter>
    </ClInclude>
    <ClInclude Include="icons.h">
      <Filter>Header Files</Filter>
    </ClInclude>
    <ClInclude Include="desktop_config.h">
      <Filter>Header Files</Filter>
    </ClInclude>
    <ClInclude Include="desktop_service.h">
      <Filter>Header Files</Filter>
    </ClInclude>
  </ItemGroup>
  <ItemGroup>
    <ClCompile Include="allocator.cpp">
      <Filter>Source Files</Filter>
    </ClCompile>
    <ClCompile Include="logger.cpp">
      <Filter>Source Files</Filter>
    </ClCompile>
    <ClCompile Include="scheduler.cpp">
      <Filter>Source Files</Filter>
    </ClCompile>
    <ClCompile Include="fs.cpp">
      <Filter>Source Files</Filter>
    </ClCompile>
    <ClCompile Include="server.cpp">
      <Filter>Source Files</Filter>
    </ClCompile>
    <ClCompile Include="process.cpp">
      <Filter>Source Files</Filter>
    </ClCompile>
    <ClCompile Include="ipc_bus.cpp">
      <Filter>Source Files</Filter>
    </ClCompile>
    <ClCompile Include="console_service.cpp">
      <Filter>Source Files</Filter>
    </ClCompile>
    <ClCompile Include="compositor.cpp">
      <Filter>Source Files</Filter>
    </ClCompile>
    <ClCompile Include="vfs.cpp">
      <Filter>Source Files</Filter>
    </ClCompile>
    <ClCompile Include="gxm_loader.cpp">
      <Filter>Source Files</Filter>
    </ClCompile>
    <ClCompile Include="desktop_state.cpp">
      <Filter>Source Files</Filter>
    </ClCompile>
    <ClCompile Include="icons.cpp">
      <Filter>Source Files</Filter>
    </ClCompile>
    <ClCompile Include="desktop_service.cpp">
      <Filter>Source Files</Filter>
    </ClCompile>
  </ItemGroup>
  <ItemGroup>
    <Text Include="TESTS.TXT" />
    <Text Include="ROADMAP.txt" />
  </ItemGroup>
  <ItemGroup>
    <None Include="PHASE5_GAPS.md" />
    <None Include="PHASE5_IMPLEMENTATION.md" />
    <None Include="PHASE5_COMPLETE.md" />
    <None Include="PHASE5_QUICKREF.md" />
  </ItemGroup>
</Project>