<?xml version="1.0" encoding="utf-8"?>
<Project ToolsVersion="4.0" xmlns="http://schemas.microsoft.com/developer/msbuild/2003">
  <ItemGroup>
    <Filter Include="Source Files">
      <UniqueIdentifier>{4FC737F1-C7A5-4376-A066-2A32D752A2FF}</UniqueIdentifier>
      <Extensions>cpp;c;cc;cxx;c++;cppm;ixx;def;odl;idl;hpj;bat;asm;asmx</Extensions>
    </Filter>
    <Filter Include="Header Files">
      <UniqueIdentifier>{93995380-89BD-4b04-88EB-625FBE52EBFB}</UniqueIdentifier>
      <Extensions>h;hh;hpp;hxx;h++;hm;inl;inc;ipp;xsd</Extensions>
    </Filter>
    <Filter Include="Resource Files">
      <UniqueIdentifier>{67DA6AB6-F800-4c08-8B7A-83BB121AAD01}</UniqueIdentifier>
      <Extensions>rc;ico;cur;bmp;dlg;rc2;rct;bin;rgs;gif;jpg;jpeg;jpe;resx;tiff;tif;png;wav;mfcribbon-ms</Extensions>
    </Filter>
  </ItemGroup>
  <ItemGroup>
    <ClInclude Include="allocator.h">
      <Filter>Header Files</Filter>
    </ClInclude>
    <ClInclude Include="logger.h">
      <Filter>Header Files</Filter>
    </ClInclude>
    <ClInclude Include="scheduler.h">
      <Filter>Header Files</Filter>
    </ClInclude>
    <ClInclude Include="fs.h">
      <Filter>Header Files</Filter>
    </ClInclude>
    <ClInclude Include="platform.h">
      <Filter>Header Files</Filter>
    </ClInclude>
    <ClInclude Include="ipc.h">
      <Filter>Header Files</Filter>
    </ClInclude>
    <ClInclude Include="process.h">
      <Filter>Header Files</Filter>
    </ClInclude>
    <ClInclude Include="ipc_bus.h">
      <Filter>Header Files</Filter>
    </ClInclude>
    <ClInclude Include="console_service.h">
      <Filter>Header Files</Filter>
    </ClInclude>
    <ClInclude Include="gui_protocol.h">
      <Filter>Header Files</Filter>
    </ClInclude>
    <ClInclude Include="compositor.h">
      <Filter>Header Files</Filter>
    </ClInclude>
    <ClInclude Include="vfs.h">
      <Filter>Header Files</Filter>
    </ClInclude>
    <ClInclude Include="gxm_loader.h">
      <Filter>Header Files</Filter>
    </ClInclude>
    <ClInclude Include="desktop_state.h">
      <Filter>Header Files</Filter>
    </ClInclude>
    <ClInclude Include="icons.h">
      <Filter>Header Files</Filter>
    </ClInclude>
    <ClInclude Include="desktop_config.h">
      <Filter>Header Files</Filter>
    </ClInclude>
    <ClInclude Include="desktop_service.h">
      <Filter>Header Files</Filter>
    </ClInclude>
    <ClInclude Include="workspace_manager.h">
      <Filter>Header Files</Filter>
    </ClInclude>
    <ClInclude Include="notepad.h">
      <Filter>Header Files</Filter>
    </ClInclude>
    <ClInclude Include="notepad_new.h">
      <Filter>Header Files</Filter>
    </ClInclude>
    <ClInclude Include="save_changes_dialog.h">
      <Filter>Header Files</Filter>
    </ClInclude>
    <ClInclude Include="save_dialog.h">
      <Filter>Header Files</Filter>
    </ClInclude>
    <ClInclude Include="calculator.h">
      <Filter>Header Files</Filter>
    </ClInclude>
    <ClInclude Include="console_window.h">
      <Filter>Header Files</Filter>
    </ClInclude>
    <ClInclude Include="file_explorer.h">
      <Filter>Header Files</Filter>
    </ClInclude>
  </ItemGroup>
  <ItemGroup>
    <ClCompile Include="allocator.cpp">
      <Filter>Source Files</Filter>
    </ClCompile>
    <ClCompile Include="logger.cpp">
      <Filter>Source Files</Filter>
    </ClCompile>
    <ClCompile Include="scheduler.cpp">
      <Filter>Source Files</Filter>
    </ClCompile>
    <ClCompile Include="fs.cpp">
      <Filter>Source Files</Filter>
    </ClCompile>
    <ClCompile Include="server.cpp">
      <Filter>Source Files</Filter>
    </ClCompile>
    <ClCompile Include="process.cpp">
      <Filter>Source Files</Filter>
    </ClCompile>
    <ClCompile Include="ipc_bus.cpp">
      <Filter>Source Files</Filter>
    </ClCompile>
    <ClCompile Include="console_service.cpp">
      <Filter>Source Files</Filter>
    </ClCompile>
    <ClCompile Include="compositor.cpp">
      <Filter>Source Files</Filter>
    </ClCompile>
    <ClCompile Include="vfs.cpp">
      <Filter>Source Files</Filter>
    </ClCompile>
    <ClCompile Include="gxm_loader.cpp">
      <Filter>Source Files</Filter>
    </ClCompile>
    <ClCompile Include="desktop_state.cpp">
      <Filter>Source Files</Filter>
    </ClCompile>
    <ClCompile Include="icons.cpp">
      <Filter>Source Files</Filter>
    </ClCompile>
    <ClCompile Include="desktop_service.cpp">
      <Filter>Source Files</Filter>
    </ClCompile>
    <ClCompile Include="workspace_manager.cpp">
      <Filter>Source Files</Filter>
    </ClCompile>
    <ClCompile Include="notepad.cpp">
      <Filter>Source Files</Filter>
    </ClCompile>
    <ClCompile Include="save_changes_dialog.cpp">
      <Filter>Source Files</Filter>
    </ClCompile>
    <ClCompile Include="save_dialog.cpp">
      <Filter>Source Files</Filter>
    </ClCompile>
    <ClCompile Include="calculator.cpp">
      <Filter>Source Files</Filter>
    </ClCompile>
    <ClCompile Include="console_window.cpp">
      <Filter>Source Files</Filter>
    </ClCompile>
    <ClCompile Include="file_explorer.cpp">
      <Filter>Source Files</Filter>
    </ClCompile>
  </ItemGroup>
  <ItemGroup>
    <Text Include="TESTS.TXT" />
    <Text Include="ROADMAP.txt" />
  </ItemGroup>
  <ItemGroup>
    <None Include="PHASE5_GAPS.md" />
    <None Include="PHASE5_IMPLEMENTATION.md" />
    <None Include="PHASE5_COMPLETE.md" />
    <None Include="PHASE5_QUICKREF.md" />
    <None Include="PHASE5_PRIORITY2_STATUS.md" />
    <None Include="SESSION_PROGRESS.md" />
    <None Include="PHASE5_FINAL_SUMMARY.md" />
    <None Include="PHASE5_TESTING_GUIDE.md" />
    <None Include="PHASE5_FINAL_STATUS.md" />
    <None Include="PHASE5_FINAL_COMPLETE.md" />
    <None Include="PHASE5_CONTINUATION.md" />
    <None Include="NEXT_STEPS.md" />
    <None Include="PHASE5_POLISH_COMPLETION.md" />
    <None Include="PHASE6_IMPLEMENTATION.md" />
    <None Include="PHASE6_SESSION1.md" />
    <None Include="NOTEPAD_READY.md" />
    <None Include="NOTEPAD_COMPLETE.md" />
    <None Include="NOTEPAD_CRASH_DEBUG.md" />
    <None Include="CRASH_FIX_SUMMARY.md" />
    <None Include="SIMPLE_FIX.md" />
    <None Include="NOTEPAD_DIAGNOSTIC_GUIDE.md" />
    <None Include="NOTEPAD_CRASH_FIXED.md" />
    <None Include="TEST_NOTEPAD.md" />
    <None Include="NOTEPAD_CRASH_DIAGNOSIS.md" />
    <None Include="DEVELOPMENT_PLAN.md" />
    <None Include="NOTEPAD_TEST_GUIDE.md" />
    <None Include="SESSION_SUMMARY_CURRENT.md" />
    <None Include="ITERATOR_DEBUG_FIX.md" />
    <None Include="QUICK_FIX_SUMMARY.md" />
    <None Include="ITERATOR_DEBUG_FIX_COMPLETE.md" />
    <None Include="ITERATOR_FIX_FINAL.md" />
    <None Include="ITERATOR_FIX_FINAL_V2.md" />
    <None Include="ITERATOR_FIX_ACTUAL_ROOT_CAUSE.md" />
    <None Include="NOTEPAD_PARITY_ANALYSIS.md" />
    <None Include="NOTEPAD_PARITY_PROGRESS.md" />
    <None Include="PHASE6_NOTEPAD_COMPLETE.md" />
    <None Include="SESSION_NOTEPAD_PARITY_COMPLETE.md" />
    <None Include="NOTEPAD_QUICK_REFERENCE.md" />
    <None Include="PHASE6_NEXT_STEPS.md" />
    <None Include="NOTEPAD_100_PERCENT_COMPLETE.md" />
    <None Include="CALCULATOR_COMPLETE.md" />
    <None Include="CONSOLE_WINDOW_COMPLETE.md" />
  </ItemGroup>
</Project>