<?xml version="1.0" encoding="utf-8"?>
<Project ToolsVersion="4.0" xmlns="http://schemas.microsoft.com/developer/msbuild/2003">
  <ItemGroup>
    <Filter Include="Source Files">
      <UniqueIdentifier>{4FC737F1-C7A5-4376-A066-2A32D752A2FF}</UniqueIdentifier>
      <Extensions>cpp;c;cc;cxx;c++;cppm;ixx;def;odl;idl;hpj;bat;asm;asmx</Extensions>
    </Filter>
    <Filter Include="Header Files">
      <UniqueIdentifier>{93995380-89BD-4b04-88EB-625FBE52EBFB}</UniqueIdentifier>
      <Extensions>h;hh;hpp;hxx;h++;hm;inl;inc;ipp;xsd</Extensions>
    </Filter>
    <Filter Include="Resource Files">
      <UniqueIdentifier>{67DA6AB6-F800-4c08-8B7A-83BB121AAD01}</UniqueIdentifier>
      <Extensions>rc;ico;cur;bmp;dlg;rc2;rct;bin;rgs;gif;jpg;jpeg;jpe;resx;tiff;tif;png;wav;mfcribbon-ms</Extensions>
    </Filter>
  </ItemGroup>
  <ItemGroup>
    <ClInclude Include="allocator.h">
      <Filter>Header Files</Filter>
    </ClInclude>
    <ClInclude Include="logger.h">
      <Filter>Header Files</Filter>
    </ClInclude>
    <ClInclude Include="scheduler.h">
      <Filter>Header Files</Filter>
    </ClInclude>
    <ClInclude Include="fs.h">
      <Filter>Header Files</Filter>
    </ClInclude>
    <ClInclude Include="platform.h">
      <Filter>Header Files</Filter>
    </ClInclude>
    <ClInclude Include="ipc.h">
      <Filter>Header Files</Filter>
    </ClInclude>
    <ClInclude Include="process.h">
      <Filter>Header Files</Filter>
    </ClInclude>
    <ClInclude Include="ipc_bus.h">
      <Filter>Header Files</Filter>
    </ClInclude>
    <ClInclude Include="console_service.h">
      <Filter>Header Files</Filter>
    </ClInclude>
    <ClInclude Include="gui_protocol.h">
      <Filter>Header Files</Filter>
    </ClInclude>
    <ClInclude Include="compositor.h">
      <Filter>Header Files</Filter>
    </ClInclude>
    <ClInclude Include="vfs.h">
      <Filter>Header Files</Filter>
    </ClInclude>
    <ClInclude Include="gxm_loader.h">
      <Filter>Header Files</Filter>
    </ClInclude>
    <ClInclude Include="desktop_state.h">
      <Filter>Header Files</Filter>
    </ClInclude>
    <ClInclude Include="icons.h">
      <Filter>Header Files</Filter>
    </ClInclude>
    <ClInclude Include="desktop_config.h">
      <Filter>Header Files</Filter>
    </ClInclude>
    <ClInclude Include="desktop_service.h">
      <Filter>Header Files</Filter>
    </ClInclude>
    <ClInclude Include="workspace_manager.h">
      <Filter>Header Files</Filter>
    </ClInclude>
    <ClInclude Include="notepad.h">
      <Filter>Header Files</Filter>
    </ClInclude>
    <ClInclude Include="save_changes_dialog.h">
      <Filter>Header Files</Filter>
    </ClInclude>
    <ClInclude Include="save_dialog.h">
      <Filter>Header Files</Filter>
    </ClInclude>
    <ClInclude Include="calculator.h">
      <Filter>Header Files</Filter>
    </ClInclude>
    <ClInclude Include="console_window.h">
      <Filter>Header Files</Filter>
    </ClInclude>
    <ClInclude Include="file_explorer.h">
      <Filter>Header Files</Filter>
    </ClInclude>
    <ClInclude Include="clock.h">
      <Filter>Header Files</Filter>
    </ClInclude>
    <ClInclude Include="task_manager.h">
      <Filter>Header Files</Filter>
    </ClInclude>
    <ClInclude Include="kernel\arch\amd64\include\arch\amd64.h">
      <Filter>Header Files</Filter>
    </ClInclude>
    <ClInclude Include="kernel\arch\x86\include\arch\x86.h">
      <Filter>Header Files</Filter>
    </ClInclude>
    <ClInclude Include="kernel\arch\arm\include\arch\arm.h">
      <Filter>Header Files</Filter>
    </ClInclude>
    <ClInclude Include="kernel\arch\sparc\include\arch\sparc.h">
      <Filter>Header Files</Filter>
    </ClInclude>
    <ClInclude Include="kernel\arch\ia64\include\arch\ia64.h">
      <Filter>Header Files</Filter>
    </ClInclude>
    <ClInclude Include="kernel\core\include\kernel\arch.h">
      <Filter>Header Files</Filter>
    </ClInclude>
    <ClInclude Include="kernel\core\include\kernel\version.h">
      <Filter>Header Files</Filter>
    </ClInclude>
    <ClInclude Include="kernel\core\include\kernel\vga.h">
      <Filter>Header Files</Filter>
    </ClInclude>
    <ClInclude Include="kernel\core\include\kernel\types.h">
      <Filter>Header Files</Filter>
    </ClInclude>
    <ClInclude Include="launchSettings.json">
      <Filter>Header Files</Filter>
    </ClInclude>
    <ClInclude Include="vnc_server.h">
      <Filter>Header Files</Filter>
    </ClInclude>
    <ClInclude Include="kernel\core\include\kernel\multiboot.h">
      <Filter>Header Files</Filter>
    </ClInclude>
    <ClInclude Include="kernel\core\include\kernel\framebuffer.h">
      <Filter>Header Files</Filter>
    </ClInclude>
    <ClInclude Include="lifecycle.h">
      <Filter>Header Files</Filter>
    </ClInclude>
    <ClInclude Include="kernel\core\include\kernel\process.h">
      <Filter>Header Files</Filter>
    </ClInclude>
    <ClInclude Include="notification_manager.h">
      <Filter>Header Files</Filter>
    </ClInclude>
    <ClInclude Include="shutdown_dialog.h">
      <Filter>Header Files</Filter>
    </ClInclude>
    <ClInclude Include="onscreen_keyboard.h">
      <Filter>Header Files</Filter>
    </ClInclude>
    <ClInclude Include="image_viewer.h">
      <Filter>Header Files</Filter>
    </ClInclude>
    <ClInclude Include="paint.h">
      <Filter>Header Files</Filter>
    </ClInclude>
    <ClInclude Include="firewall.h">
      <Filter>Header Files</Filter>
    </ClInclude>
    <ClInclude Include="module_manager.h">
      <Filter>Header Files</Filter>
    </ClInclude>
    <ClInclude Include="message_box.h">
      <Filter>Header Files</Filter>
    </ClInclude>
    <ClInclude Include="open_dialog.h">
      <Filter>Header Files</Filter>
    </ClInclude>
    <ClInclude Include="right_click_menu.h">
      <Filter>Header Files</Filter>
    </ClInclude>
    <ClInclude Include="welcome.h">
      <Filter>Header Files</Filter>
    </ClInclude>
    <ClInclude Include="kernel\core\include\kernel\desktop.h">
      <Filter>Header Files</Filter>
    </ClInclude>
    <ClInclude Include="kernel\core\include\kernel\ps2mouse.h">
      <Filter>Header Files</Filter>
    </ClInclude>
    <ClInclude Include="kernel\core\include\kernel\interrupts.h">
      <Filter>Header Files</Filter>
    </ClInclude>
    <ClInclude Include="kernel\arch\sparc\include\arch\zs_serial.h">
      <Filter>Header Files</Filter>
    </ClInclude>
    <ClInclude Include="kernel\arch\sparc64\include\arch\sparc64.h">
      <Filter>Header Files</Filter>
    </ClInclude>
    <ClInclude Include="kernel\arch\sparc64\include\arch\zs_serial.h">
      <Filter>Header Files</Filter>
    </ClInclude>
    <ClInclude Include="kernel\arch\ia64\include\arch\ski_console.h">
      <Filter>Header Files</Filter>
    </ClInclude>
    <ClInclude Include="kernel\core\include\kernel\usb.h">
      <Filter>Header Files</Filter>
    </ClInclude>
    <ClInclude Include="kernel\core\include\kernel\usb_hid.h">
      <Filter>Header Files</Filter>
    </ClInclude>
    <ClInclude Include="kernel\core\include\kernel\usb_storage.h">
      <Filter>Header Files</Filter>
    </ClInclude>
    <ClInclude Include="kernel\core\include\kernel\usb_cdc.h">
      <Filter>Header Files</Filter>
    </ClInclude>
    <ClInclude Include="kernel\core\include\kernel\usb_audio.h">
      <Filter>Header Files</Filter>
    </ClInclude>
    <ClInclude Include="kernel\core\include\kernel\usb_video.h">
      <Filter>Header Files</Filter>
    </ClInclude>
    <ClInclude Include="kernel\core\include\kernel\usb_printer.h">
      <Filter>Header Files</Filter>
    </ClInclude>
    <ClInclude Include="kernel\arch\x86\include\arch\usb_hci.h">
      <Filter>Header Files</Filter>
    </ClInclude>
    <ClInclude Include="kernel\arch\amd64\include\arch\usb_hci.h">
      <Filter>Header Files</Filter>
    </ClInclude>
    <ClInclude Include="kernel\arch\arm\include\arch\usb_hci.h">
      <Filter>Header Files</Filter>
    </ClInclude>
    <ClInclude Include="kernel\arch\sparc\include\arch\usb_hci.h">
      <Filter>Header Files</Filter>
    </ClInclude>
    <ClInclude Include="kernel\arch\sparc64\include\arch\usb_hci.h">
      <Filter>Header Files</Filter>
    </ClInclude>
    <ClInclude Include="kernel\arch\ia64\include\arch\usb_hci.h">
      <Filter>Header Files</Filter>
    </ClInclude>
    <ClInclude Include="kernel\core\include\kernel\usb_net.h">
      <Filter>Header Files</Filter>
    </ClInclude>
    <ClInclude Include="kernel\core\include\kernel\usb_net_ecm.h">
      <Filter>Header Files</Filter>
    </ClInclude>
    <ClInclude Include="kernel\core\include\kernel\usb_net_rndis.h">
      <Filter>Header Files</Filter>
    </ClInclude>
    <ClInclude Include="kernel\core\include\kernel\usb_net_wifi.h">
      <Filter>Header Files</Filter>
    </ClInclude>
    <ClInclude Include="kernel\core\include\kernel\block_device.h">
      <Filter>Header Files</Filter>
    </ClInclude>
    <ClInclude Include="kernel\core\include\kernel\ata.h">
      <Filter>Header Files</Filter>
    </ClInclude>
    <ClInclude Include="kernel\core\include\kernel\nvme.h">
      <Filter>Header Files</Filter>
    </ClInclude>
    <ClInclude Include="kernel\core\include\kernel\fs_fat.h">
      <Filter>Header Files</Filter>
    </ClInclude>
    <ClInclude Include="kernel\core\include\kernel\fs_ext4.h">
      <Filter>Header Files</Filter>
    </ClInclude>
    <ClInclude Include="kernel\core\include\kernel\fs_ufs.h">
      <Filter>Header Files</Filter>
    </ClInclude>
    <ClInclude Include="kernel\core\include\kernel\vesa.h">
      <Filter>Header Files</Filter>
    </ClInclude>
    <ClInclude Include="kernel\arch\amd64\include\arch\graphics.h">
      <Filter>Header Files</Filter>
    </ClInclude>
    <ClInclude Include="kernel\arch\x86\include\arch\graphics.h">
      <Filter>Header Files</Filter>
    </ClInclude>
    <ClInclude Include="kernel\arch\ia64\include\arch\graphics.h">
      <Filter>Header Files</Filter>
    </ClInclude>
    <ClInclude Include="kernel\arch\sparc\include\arch\graphics.h">
      <Filter>Header Files</Filter>
    </ClInclude>
    <ClInclude Include="kernel\arch\sparc64\include\arch\graphics.h">
      <Filter>Header Files</Filter>
    </ClInclude>
    <ClInclude Include="kernel\core\include\kernel\fb_console.h">
      <Filter>Header Files</Filter>
    </ClInclude>
    <ClInclude Include="kernel\core\include\kernel\usb_audio_uac2.h">
      <Filter>Header Files</Filter>
    </ClInclude>
    <ClInclude Include="kernel\core\include\kernel\pci_audio.h">
      <Filter>Header Files</Filter>
    </ClInclude>
    <ClInclude Include="kernel\arch\amd64\include\arch\pci_audio.h">
      <Filter>Header Files</Filter>
    </ClInclude>
    <ClInclude Include="kernel\arch\x86\include\arch\pci_audio.h">
      <Filter>Header Files</Filter>
    </ClInclude>
    <ClInclude Include="kernel\arch\ia64\include\arch\pci_audio.h">
      <Filter>Header Files</Filter>
    </ClInclude>
    <ClInclude Include="kernel\arch\sparc\include\arch\pci_audio.h">
      <Filter>Header Files</Filter>
    </ClInclude>
    <ClInclude Include="kernel\arch\sparc64\include\arch\pci_audio.h">
      <Filter>Header Files</Filter>
    </ClInclude>
    <ClInclude Include="kernel\core\include\kernel\usb_video_uvc.h">
      <Filter>Header Files</Filter>
    </ClInclude>
    <ClInclude Include="kernel\arch\arm\include\arch\pci_audio.h">
      <Filter>Header Files</Filter>
    </ClInclude>
    <ClInclude Include="kernel\arch\arm\include\arch\graphics.h">
      <Filter>Header Files</Filter>
    </ClInclude>
    <ClInclude Include="kernel\arch\riscv64\include\arch\graphics.h">
      <Filter>Header Files</Filter>
    </ClInclude>
    <ClInclude Include="kernel\arch\riscv64\include\arch\pci_audio.h">
      <Filter>Header Files</Filter>
    </ClInclude>
    <ClInclude Include="kernel\arch\riscv64\include\arch\sbi_console.h">
      <Filter>Header Files</Filter>
    </ClInclude>
    <ClInclude Include="kernel\arch\riscv64\include\arch\usb_hci.h">
      <Filter>Header Files</Filter>
    </ClInclude>
    <ClInclude Include="kernel\arch\riscv64\include\arch\riscv64.h">
      <Filter>Header Files</Filter>
    </ClInclude>
    <ClInclude Include="kernel\core\include\kernel\serial_debug.h">
      <Filter>Header Files</Filter>
    </ClInclude>
    <ClInclude Include="kernel\core\include\kernel\input_manager.h">
      <Filter>Header Files</Filter>
    </ClInclude>
    <ClInclude Include="kernel\core\include\kernel\virtio_input.h">
      <Filter>Header Files</Filter>
    </ClInclude>
    <ClInclude Include="video_backend.h">
      <Filter>Header Files</Filter>
    </ClInclude>
    <ClInclude Include="kernel\core\include\kernel\pit.h">
      <Filter>Header Files</Filter>
    </ClInclude>
    <ClInclude Include="kernel\core\include\kernel\ramdisk.h">
      <Filter>Header Files</Filter>
    </ClInclude>
    <ClInclude Include="kernel\core\include\kernel\vfs.h">
      <Filter>Header Files</Filter>
    </ClInclude>
  </ItemGroup>
  <ItemGroup>
    <ClCompile Include="allocator.cpp">
      <Filter>Source Files</Filter>
    </ClCompile>
    <ClCompile Include="logger.cpp">
      <Filter>Source Files</Filter>
    </ClCompile>
    <ClCompile Include="scheduler.cpp">
      <Filter>Source Files</Filter>
    </ClCompile>
    <ClCompile Include="fs.cpp">
      <Filter>Source Files</Filter>
    </ClCompile>
    <ClCompile Include="server.cpp">
      <Filter>Source Files</Filter>
    </ClCompile>
    <ClCompile Include="process.cpp">
      <Filter>Source Files</Filter>
    </ClCompile>
    <ClCompile Include="ipc_bus.cpp">
      <Filter>Source Files</Filter>
    </ClCompile>
    <ClCompile Include="console_service.cpp">
      <Filter>Source Files</Filter>
    </ClCompile>
    <ClCompile Include="compositor.cpp">
      <Filter>Source Files</Filter>
    </ClCompile>
    <ClCompile Include="vfs.cpp">
      <Filter>Source Files</Filter>
    </ClCompile>
    <ClCompile Include="gxm_loader.cpp">
      <Filter>Source Files</Filter>
    </ClCompile>
    <ClCompile Include="desktop_state.cpp">
      <Filter>Source Files</Filter>
    </ClCompile>
    <ClCompile Include="icons.cpp">
      <Filter>Source Files</Filter>
    </ClCompile>
    <ClCompile Include="desktop_service.cpp">
      <Filter>Source Files</Filter>
    </ClCompile>
    <ClCompile Include="workspace_manager.cpp">
      <Filter>Source Files</Filter>
    </ClCompile>
    <ClCompile Include="notepad.cpp">
      <Filter>Source Files</Filter>
    </ClCompile>
    <ClCompile Include="save_changes_dialog.cpp">
      <Filter>Source Files</Filter>
    </ClCompile>
    <ClCompile Include="save_dialog.cpp">
      <Filter>Source Files</Filter>
    </ClCompile>
    <ClCompile Include="calculator.cpp">
      <Filter>Source Files</Filter>
    </ClCompile>
    <ClCompile Include="console_window.cpp">
      <Filter>Source Files</Filter>
    </ClCompile>
    <ClCompile Include="file_explorer.cpp">
      <Filter>Source Files</Filter>
    </ClCompile>
    <ClCompile Include="clock.cpp">
      <Filter>Source Files</Filter>
    </ClCompile>
    <ClCompile Include="task_manager.cpp">
      <Filter>Source Files</Filter>
    </ClCompile>
    <ClCompile Include="kernel\core\main.cpp">
      <Filter>Source Files</Filter>
    </ClCompile>
    <ClCompile Include="kernel\arch\amd64\arch.cpp">
      <Filter>Source Files</Filter>
    </ClCompile>
    <ClCompile Include="kernel\arch\x86\arch.cpp">
      <Filter>Source Files</Filter>
    </ClCompile>
    <ClCompile Include="kernel\arch\arm\arch.cpp">
      <Filter>Source Files</Filter>
    </ClCompile>
    <ClCompile Include="kernel\arch\sparc\arch.cpp">
      <Filter>Source Files</Filter>
    </ClCompile>
    <ClCompile Include="kernel\arch\ia64\arch.cpp">
      <Filter>Source Files</Filter>
    </ClCompile>
    <ClCompile Include="kernel\core\arch.cpp">
      <Filter>Source Files</Filter>
    </ClCompile>
    <ClCompile Include="kernel\core\vga.cpp">
      <Filter>Source Files</Filter>
    </ClCompile>
    <ClCompile Include="vnc_server.cpp">
      <Filter>Source Files</Filter>
    </ClCompile>
    <ClCompile Include="kernel\core\framebuffer.cpp">
      <Filter>Source Files</Filter>
    </ClCompile>
    <ClCompile Include="lifecycle.cpp">
      <Filter>Source Files</Filter>
    </ClCompile>
    <ClCompile Include="kernel\core\process.cpp">
      <Filter>Source Files</Filter>
    </ClCompile>
    <ClCompile Include="notification_manager.cpp">
      <Filter>Source Files</Filter>
    </ClCompile>
    <ClCompile Include="shutdown_dialog.cpp">
      <Filter>Source Files</Filter>
    </ClCompile>
    <ClCompile Include="onscreen_keyboard.cpp">
      <Filter>Source Files</Filter>
    </ClCompile>
    <ClCompile Include="image_viewer.cpp">
      <Filter>Source Files</Filter>
    </ClCompile>
    <ClCompile Include="paint.cpp">
      <Filter>Source Files</Filter>
    </ClCompile>
    <ClCompile Include="firewall.cpp">
      <Filter>Source Files</Filter>
    </ClCompile>
    <ClCompile Include="module_manager.cpp">
      <Filter>Source Files</Filter>
    </ClCompile>
    <ClCompile Include="message_box.cpp">
      <Filter>Source Files</Filter>
    </ClCompile>
    <ClCompile Include="open_dialog.cpp">
      <Filter>Source Files</Filter>
    </ClCompile>
    <ClCompile Include="right_click_menu.cpp">
      <Filter>Source Files</Filter>
    </ClCompile>
    <ClCompile Include="welcome.cpp">
      <Filter>Source Files</Filter>
    </ClCompile>
    <ClCompile Include="kernel\core\desktop.cpp">
      <Filter>Source Files</Filter>
    </ClCompile>
    <ClCompile Include="system_tray.cpp">
      <Filter>Source Files</Filter>
    </ClCompile>
    <ClCompile Include="kernel\core\ps2mouse.cpp">
      <Filter>Source Files</Filter>
    </ClCompile>
    <ClCompile Include="kernel\core\interrupts.cpp">
      <Filter>Source Files</Filter>
    </ClCompile>
    <ClCompile Include="kernel\arch\sparc\zs_serial.cpp">
      <Filter>Source Files</Filter>
    </ClCompile>
    <ClCompile Include="kernel\arch\sparc64\arch.cpp">
      <Filter>Source Files</Filter>
    </ClCompile>
    <ClCompile Include="kernel\arch\sparc64\zs_serial.cpp">
      <Filter>Source Files</Filter>
    </ClCompile>
    <ClCompile Include="kernel\arch\ia64\ski_console.cpp">
      <Filter>Source Files</Filter>
    </ClCompile>
    <ClCompile Include="kernel\core\usb.cpp">
      <Filter>Source Files</Filter>
    </ClCompile>
    <ClCompile Include="kernel\core\usb_hid.cpp">
      <Filter>Source Files</Filter>
    </ClCompile>
    <ClCompile Include="kernel\core\usb_storage.cpp">
      <Filter>Source Files</Filter>
    </ClCompile>
    <ClCompile Include="kernel\core\usb_cdc.cpp">
      <Filter>Source Files</Filter>
    </ClCompile>
    <ClCompile Include="kernel\core\usb_audio.cpp">
      <Filter>Source Files</Filter>
    </ClCompile>
    <ClCompile Include="kernel\core\usb_video.cpp">
      <Filter>Source Files</Filter>
    </ClCompile>
    <ClCompile Include="kernel\core\usb_printer.cpp">
      <Filter>Source Files</Filter>
    </ClCompile>
    <ClCompile Include="kernel\arch\x86\usb_hci.cpp">
      <Filter>Source Files</Filter>
    </ClCompile>
    <ClCompile Include="kernel\arch\amd64\usb_hci.cpp">
      <Filter>Source Files</Filter>
    </ClCompile>
    <ClCompile Include="kernel\arch\arm\usb_hci.cpp">
      <Filter>Source Files</Filter>
    </ClCompile>
    <ClCompile Include="kernel\arch\sparc\usb_hci.cpp">
      <Filter>Source Files</Filter>
    </ClCompile>
    <ClCompile Include="kernel\arch\sparc64\usb_hci.cpp">
      <Filter>Source Files</Filter>
    </ClCompile>
    <ClCompile Include="kernel\arch\ia64\usb_hci.cpp">
      <Filter>Source Files</Filter>
    </ClCompile>
    <ClCompile Include="kernel\core\usb_net_ecm.cpp">
      <Filter>Source Files</Filter>
    </ClCompile>
    <ClCompile Include="kernel\core\usb_net_rndis.cpp">
      <Filter>Source Files</Filter>
    </ClCompile>
    <ClCompile Include="kernel\core\usb_net_wifi.cpp">
      <Filter>Source Files</Filter>
    </ClCompile>
    <ClCompile Include="kernel\core\usb_net.cpp">
      <Filter>Source Files</Filter>
    </ClCompile>
    <ClCompile Include="kernel\core\block_device.cpp">
      <Filter>Source Files</Filter>
    </ClCompile>
    <ClCompile Include="kernel\core\ata.cpp">
      <Filter>Source Files</Filter>
    </ClCompile>
    <ClCompile Include="kernel\core\nvme.cpp">
      <Filter>Source Files</Filter>
    </ClCompile>
    <ClCompile Include="kernel\core\fs_fat.cpp">
      <Filter>Source Files</Filter>
    </ClCompile>
    <ClCompile Include="kernel\core\fs_ext4.cpp">
      <Filter>Source Files</Filter>
    </ClCompile>
    <ClCompile Include="kernel\core\fs_ufs.cpp">
      <Filter>Source Files</Filter>
    </ClCompile>
    <ClCompile Include="kernel\core\vesa.cpp">
      <Filter>Source Files</Filter>
    </ClCompile>
    <ClCompile Include="kernel\arch\amd64\graphics.cpp">
      <Filter>Source Files</Filter>
    </ClCompile>
    <ClCompile Include="kernel\arch\x86\graphics.cpp">
      <Filter>Source Files</Filter>
    </ClCompile>
    <ClCompile Include="kernel\arch\ia64\graphics.cpp">
      <Filter>Source Files</Filter>
    </ClCompile>
    <ClCompile Include="kernel\arch\sparc\graphics.cpp">
      <Filter>Source Files</Filter>
    </ClCompile>
    <ClCompile Include="kernel\arch\sparc64\graphics.cpp">
      <Filter>Source Files</Filter>
    </ClCompile>
    <ClCompile Include="kernel\core\fb_console.cpp">
      <Filter>Source Files</Filter>
    </ClCompile>
    <ClCompile Include="kernel\core\usb_audio_uac2.cpp">
      <Filter>Source Files</Filter>
    </ClCompile>
    <ClCompile Include="kernel\core\pci_audio.cpp">
      <Filter>Source Files</Filter>
    </ClCompile>
    <ClCompile Include="kernel\arch\amd64\pci_audio.cpp">
      <Filter>Source Files</Filter>
    </ClCompile>
    <ClCompile Include="kernel\arch\x86\pci_audio.cpp">
      <Filter>Source Files</Filter>
    </ClCompile>
    <ClCompile Include="kernel\arch\ia64\pci_audio.cpp">
      <Filter>Source Files</Filter>
    </ClCompile>
    <ClCompile Include="kernel\arch\sparc\pci_audio.cpp">
      <Filter>Source Files</Filter>
    </ClCompile>
    <ClCompile Include="kernel\arch\sparc64\pci_audio.cpp">
      <Filter>Source Files</Filter>
    </ClCompile>
    <ClCompile Include="kernel\core\usb_video_uvc.cpp">
      <Filter>Source Files</Filter>
    </ClCompile>
    <ClCompile Include="kernel\arch\arm\pci_audio.cpp">
      <Filter>Source Files</Filter>
    </ClCompile>
    <ClCompile Include="kernel\arch\arm\graphics.cpp">
      <Filter>Source Files</Filter>
    </ClCompile>
    <ClCompile Include="kernel\arch\riscv64\arch.cpp">
      <Filter>Source Files</Filter>
    </ClCompile>
    <ClCompile Include="kernel\arch\riscv64\graphics.cpp">
      <Filter>Source Files</Filter>
    </ClCompile>
    <ClCompile Include="kernel\arch\riscv64\pci_audio.cpp">
      <Filter>Source Files</Filter>
    </ClCompile>
    <ClCompile Include="kernel\arch\riscv64\sbi_console.cpp">
      <Filter>Source Files</Filter>
    </ClCompile>
    <ClCompile Include="kernel\arch\riscv64\usb_hci.cpp">
      <Filter>Source Files</Filter>
    </ClCompile>
    <ClCompile Include="kernel\core\input_manager.cpp">
      <Filter>Source Files</Filter>
    </ClCompile>
    <ClCompile Include="kernel\core\virtio_input.cpp">
      <Filter>Source Files</Filter>
    </ClCompile>
    <ClCompile Include="video_backend.cpp">
      <Filter>Source Files</Filter>
    </ClCompile>
    <ClCompile Include="kernel\core\pit.cpp">
      <Filter>Source Files</Filter>
    </ClCompile>
    <ClCompile Include="kernel\core\ramdisk.cpp">
      <Filter>Source Files</Filter>
    </ClCompile>
    <ClCompile Include="kernel\core\vfs.cpp">
      <Filter>Source Files</Filter>
    </ClCompile>
  </ItemGroup>
  <ItemGroup>
    <None Include="kernel\arch\amd64\boot.asm">
      <Filter>Source Files</Filter>
    </None>
    <None Include="kernel\arch\x86\boot.asm">
      <Filter>Source Files</Filter>
    </None>
    <None Include="kernel\arch\arm\boot.s" />
    <None Include="kernel\arch\ia64\boot.s" />
    <None Include="kernel\arch\sparc\boot.s" />
    <None Include="kernel\arch\amd64\linker.ld" />
    <None Include="kernel\arch\x86\linker.ld" />
    <None Include="kernel\arch\arm\linker.ld" />
    <None Include="kernel\arch\sparc\linker.ld" />
    <None Include="kernel\arch\ia64\linker.ld" />
    <None Include="kernel\Makefile" />
    <None Include="kernel\arch\amd64\Makefile.arch" />
    <None Include="kernel\arch\x86\Makefile.arch" />
    <None Include="kernel\arch\arm\Makefile.arch" />
    <None Include="kernel\arch\sparc\Makefile.arch" />
    <None Include="kernel\arch\ia64\Makefile.arch" />
    <None Include="scripts\run-qemu-x86.sh" />
    <None Include="scripts\run-qemu-x86.bat">
      <Filter>Source Files</Filter>
    </None>
    <None Include="scripts\test-build.sh" />
    <None Include="scripts\test-build.bat">
      <Filter>Source Files</Filter>
    </None>
    <None Include="Makefile" />
    <None Include="kernel\build-x86.bat">
      <Filter>Source Files</Filter>
    </None>
    <None Include="kernel\clean.bat">
      <Filter>Source Files</Filter>
    </None>
    <None Include="setup-toolchain.bat">
      <Filter>Source Files</Filter>
    </None>
    <None Include="diagnose.bat">
      <Filter>Source Files</Filter>
    </None>
    <None Include=".vs\launch.vs.json" />
    <None Include=".vs\tasks.vs.json" />
    <None Include="scripts\run-qemu-x86-with-build.bat">
      <Filter>Source Files</Filter>
    </None>
    <None Include="KernelBuild.vcxproj" />
    <None Include="RUN-KERNEL.bat">
      <Filter>Source Files</Filter>
    </None>
    <None Include="guideXOSServer.csproj" />
    <None Include="Properties\launchSettings.json" />
    <None Include="guideXOSKernel.vcxproj" />
    <None Include="guideXOSKernel.vcxproj.filters" />
    <None Include="build.bat">
      <Filter>Source Files</Filter>
    </None>
    <None Include="scripts\run-qemu-x86-vnc.bat">
      <Filter>Source Files</Filter>
    </None>
    <None Include="scripts\run-qemu-x86-vnc.sh" />
    <None Include="scripts\diagnose-qemu.bat">
      <Filter>Source Files</Filter>
    </None>
    <None Include="scripts\check-multiboot.bat">
      <Filter>Source Files</Filter>
    </None>
    <None Include="configure-vs-project.bat">
      <Filter>Source Files</Filter>
    </None>
    <None Include="Directory.Build.targets" />
    <None Include="build-uefi.ps1" />
    <None Include="run-uefi.sh" />
    <None Include="fix-trampoline.ps1" />
    <None Include="docs\BUILD_GUIDE.md" />
    <None Include="scripts\run-sparkv8_in_windows.sh" />
    <None Include="kernel\arch\sparc64\boot.s" />
    <None Include="kernel\arch\sparc64\linker.ld" />
    <None Include="kernel\arch\sparc64\Makefile.arch" />
    <None Include="scripts\build-sparcv9.sh" />
    <None Include="scripts\run-sparcv9_in_windows.bat">
      <Filter>Source Files</Filter>
    </None>
    <None Include="scripts\build-and-run-sparcv9_in_linux.sh" />
    <None Include="scripts\build-ia64.sh" />
    <None Include="scripts\run-ia64_in_linux.sh" />
    <None Include="_fix_filters_audio.py" />
    <None Include="kernel\arch\riscv64\boot.s" />
    <None Include="kernel\arch\riscv64\linker.ld" />
    <None Include="kernel\arch\riscv64\Makefile.arch" />
    <None Include="scripts\build-riscv64.sh" />
    <None Include="scripts\build-and-run-riscv64_in_linux.sh" />
    <None Include="scripts\run-riscv64_in_windows.bat">
      <Filter>Source Files</Filter>
    </None>
    <None Include="run-qemu.bat">
      <Filter>Source Files</Filter>
    </None>
    <None Include="ESP\startup.nsh" />
    <None Include="Directory.Build.props" />
  </ItemGroup>
  <ItemGroup>
    <Text Include="scripts\build-and-run-sparcv8_in_linux.sh" />
  </ItemGroup>
</Project>